// !$*UTF8*$!
{
	archiveVersion = 1;
	classes = {
	};
	objectVersion = 50;
	objects = {

/* Begin PBXBuildFile section */
		C92109ED2699CF4B00B2FEF8 /* ImagePicker.swift in Sources */ = {isa = PBXBuildFile; fileRef = C92109EC2699CF4B00B2FEF8 /* ImagePicker.swift */; };
		C93DEBA2267E3A9A000072E2 /* RelativePicker.swift in Sources */ = {isa = PBXBuildFile; fileRef = C93DEBA1267E3A9A000072E2 /* RelativePicker.swift */; };
		C93DEBA5267E462D000072E2 /* AbsolutePicker.swift in Sources */ = {isa = PBXBuildFile; fileRef = C93DEBA4267E462D000072E2 /* AbsolutePicker.swift */; };
		C96754BC267A5FC1003A016A /* AppDelegate.swift in Sources */ = {isa = PBXBuildFile; fileRef = C96754BB267A5FC1003A016A /* AppDelegate.swift */; };
		C96754BE267A5FC1003A016A /* SceneDelegate.swift in Sources */ = {isa = PBXBuildFile; fileRef = C96754BD267A5FC1003A016A /* SceneDelegate.swift */; };
		C96754C6267A5FC2003A016A /* Latime.xcdatamodeld in Sources */ = {isa = PBXBuildFile; fileRef = C96754C4267A5FC2003A016A /* Latime.xcdatamodeld */; };
		C96754C8267A5FC6003A016A /* Assets.xcassets in Resources */ = {isa = PBXBuildFile; fileRef = C96754C7267A5FC6003A016A /* Assets.xcassets */; };
		C96754CB267A5FC6003A016A /* LaunchScreen.storyboard in Resources */ = {isa = PBXBuildFile; fileRef = C96754C9267A5FC6003A016A /* LaunchScreen.storyboard */; };
		C96754F1267A6242003A016A /* CoreDataStack.swift in Sources */ = {isa = PBXBuildFile; fileRef = C96754F0267A6242003A016A /* CoreDataStack.swift */; };
		C96754F6267A6363003A016A /* Localizable.strings in Resources */ = {isa = PBXBuildFile; fileRef = C96754F8267A6363003A016A /* Localizable.strings */; };
		C9675529267A6671003A016A /* CoreData+Extensions.swift in Sources */ = {isa = PBXBuildFile; fileRef = C96754FB267A6671003A016A /* CoreData+Extensions.swift */; };
		C967552B267A6671003A016A /* Notification+Extensions.swift in Sources */ = {isa = PBXBuildFile; fileRef = C96754FE267A6671003A016A /* Notification+Extensions.swift */; };
		C967552C267A6671003A016A /* UIFont+Extensions.swift in Sources */ = {isa = PBXBuildFile; fileRef = C96754FF267A6671003A016A /* UIFont+Extensions.swift */; };
		C967552D267A6671003A016A /* UIColor+Extensions.swift in Sources */ = {isa = PBXBuildFile; fileRef = C9675500267A6671003A016A /* UIColor+Extensions.swift */; };
		C967552E267A6671003A016A /* Foundation+Extensions.swift in Sources */ = {isa = PBXBuildFile; fileRef = C9675501267A6671003A016A /* Foundation+Extensions.swift */; };
		C967552F267A6671003A016A /* CoreAnimation+Extensions.swift in Sources */ = {isa = PBXBuildFile; fileRef = C9675502267A6671003A016A /* CoreAnimation+Extensions.swift */; };
		C9675530267A6671003A016A /* Date+Extensions.swift in Sources */ = {isa = PBXBuildFile; fileRef = C9675503267A6671003A016A /* Date+Extensions.swift */; };
		C9675531267A6671003A016A /* InspectorModel.swift in Sources */ = {isa = PBXBuildFile; fileRef = C9675507267A6671003A016A /* InspectorModel.swift */; };
		C9675532267A6671003A016A /* Inspector_Protocols.swift in Sources */ = {isa = PBXBuildFile; fileRef = C9675508267A6671003A016A /* Inspector_Protocols.swift */; };
		C9675533267A6671003A016A /* InspectorPresenter.swift in Sources */ = {isa = PBXBuildFile; fileRef = C9675509267A6671003A016A /* InspectorPresenter.swift */; };
		C9675534267A6671003A016A /* UnsplashLogo.swift in Sources */ = {isa = PBXBuildFile; fileRef = C967550B267A6671003A016A /* UnsplashLogo.swift */; };
		C9675535267A6671003A016A /* InputContainer.swift in Sources */ = {isa = PBXBuildFile; fileRef = C967550C267A6671003A016A /* InputContainer.swift */; };
		C9675536267A6671003A016A /* InspectorViewController+InputContainer.swift in Sources */ = {isa = PBXBuildFile; fileRef = C967550D267A6671003A016A /* InspectorViewController+InputContainer.swift */; };
		C967553B267A6671003A016A /* InspectorViewController.swift in Sources */ = {isa = PBXBuildFile; fileRef = C9675512267A6671003A016A /* InspectorViewController.swift */; };
		C967553C267A6671003A016A /* InspectorRouter.swift in Sources */ = {isa = PBXBuildFile; fileRef = C9675513267A6671003A016A /* InspectorRouter.swift */; };
		C967553D267A6671003A016A /* InspectorDataManager.swift in Sources */ = {isa = PBXBuildFile; fileRef = C9675515267A6671003A016A /* InspectorDataManager.swift */; };
		C967553E267A6671003A016A /* InspectorInteractor.swift in Sources */ = {isa = PBXBuildFile; fileRef = C9675516267A6671003A016A /* InspectorInteractor.swift */; };
		C967553F267A6671003A016A /* GlanceRouter.swift in Sources */ = {isa = PBXBuildFile; fileRef = C9675518267A6671003A016A /* GlanceRouter.swift */; };
		C9675540267A6671003A016A /* GlanceModel.swift in Sources */ = {isa = PBXBuildFile; fileRef = C967551A267A6671003A016A /* GlanceModel.swift */; };
		C9675541267A6671003A016A /* Glance_Protocols.swift in Sources */ = {isa = PBXBuildFile; fileRef = C967551B267A6671003A016A /* Glance_Protocols.swift */; };
		C9675542267A6671003A016A /* GlancePresenter.swift in Sources */ = {isa = PBXBuildFile; fileRef = C967551C267A6671003A016A /* GlancePresenter.swift */; };
		C9675544267A6671003A016A /* GlanceContextMenu.swift in Sources */ = {isa = PBXBuildFile; fileRef = C967551F267A6671003A016A /* GlanceContextMenu.swift */; };
		C9675546267A6671003A016A /* GlanceViewController.swift in Sources */ = {isa = PBXBuildFile; fileRef = C9675521267A6671003A016A /* GlanceViewController.swift */; };
		C967554A267A6671003A016A /* GlanceCellPhase.swift in Sources */ = {isa = PBXBuildFile; fileRef = C9675525267A6671003A016A /* GlanceCellPhase.swift */; };
		C967554B267A6671003A016A /* GlanceDataManager.swift in Sources */ = {isa = PBXBuildFile; fileRef = C9675527267A6671003A016A /* GlanceDataManager.swift */; };
		C967554C267A6671003A016A /* GlanceInteractor.swift in Sources */ = {isa = PBXBuildFile; fileRef = C9675528267A6671003A016A /* GlanceInteractor.swift */; };
		C9675551267A6B35003A016A /* CoreDataTestStack.swift in Sources */ = {isa = PBXBuildFile; fileRef = C967554E267A6B34003A016A /* CoreDataTestStack.swift */; };
		C9675552267A6B35003A016A /* GlancePresenterStub.swift in Sources */ = {isa = PBXBuildFile; fileRef = C967554F267A6B35003A016A /* GlancePresenterStub.swift */; };
		C97724312694A5290050665A /* ICPaddingTextField.swift in Sources */ = {isa = PBXBuildFile; fileRef = C97724302694A5290050665A /* ICPaddingTextField.swift */; };
		C979048A267E26F6008C8093 /* GlanceCellParent.swift in Sources */ = {isa = PBXBuildFile; fileRef = C9790489267E26F6008C8093 /* GlanceCellParent.swift */; };
		C9790490267E29C0008C8093 /* GlanceCountdownView.swift in Sources */ = {isa = PBXBuildFile; fileRef = C979048F267E29C0008C8093 /* GlanceCountdownView.swift */; };
		C992AACB269D85260078B9A8 /* CellCalendar.swift in Sources */ = {isa = PBXBuildFile; fileRef = C992AACA269D85260078B9A8 /* CellCalendar.swift */; };
		C992AACD269D85320078B9A8 /* CellText.swift in Sources */ = {isa = PBXBuildFile; fileRef = C992AACC269D85320078B9A8 /* CellText.swift */; };
		C992AACF269D85440078B9A8 /* SupplementaryView.swift in Sources */ = {isa = PBXBuildFile; fileRef = C992AACE269D85440078B9A8 /* SupplementaryView.swift */; };
		C9A02AF0267A6D5A00F8E85F /* LatimeTests.swift in Sources */ = {isa = PBXBuildFile; fileRef = C9A02AEF267A6D5A00F8E85F /* LatimeTests.swift */; };
		C9B0626C2695C12200009383 /* InfoCountdownView.swift in Sources */ = {isa = PBXBuildFile; fileRef = C9B062692695C12200009383 /* InfoCountdownView.swift */; };
		C9B0626D2695C12200009383 /* InfoDateView.swift in Sources */ = {isa = PBXBuildFile; fileRef = C9B0626A2695C12200009383 /* InfoDateView.swift */; };
		C9B0626E2695C12200009383 /* InfoView.swift in Sources */ = {isa = PBXBuildFile; fileRef = C9B0626B2695C12200009383 /* InfoView.swift */; };
		C9B062722695C12C00009383 /* InputCountdownField.swift in Sources */ = {isa = PBXBuildFile; fileRef = C9B0626F2695C12C00009383 /* InputCountdownField.swift */; };
		C9B062742695C12C00009383 /* paddingTextField.swift in Sources */ = {isa = PBXBuildFile; fileRef = C9B062712695C12C00009383 /* paddingTextField.swift */; };
		C9B9AD312689C46C00A182DA /* Indicator.swift in Sources */ = {isa = PBXBuildFile; fileRef = C9B9AD302689C46C00A182DA /* Indicator.swift */; };
		C9DE3C412684A94900FE773D /* UIKit+Extension.swift in Sources */ = {isa = PBXBuildFile; fileRef = C9DE3C402684A94900FE773D /* UIKit+Extension.swift */; };
		C9E77DCF269CB2A500F8D582 /* TemporaryVC.swift in Sources */ = {isa = PBXBuildFile; fileRef = C9E77DCE269CB2A500F8D582 /* TemporaryVC.swift */; };
		C9EA16072696D640005105F0 /* TimelineRouter.swift in Sources */ = {isa = PBXBuildFile; fileRef = C9EA16062696D640005105F0 /* TimelineRouter.swift */; };
		C9EA16092696D64F005105F0 /* TimelineProtocols.swift in Sources */ = {isa = PBXBuildFile; fileRef = C9EA16082696D64F005105F0 /* TimelineProtocols.swift */; };
		C9EA160B2696D657005105F0 /* TimelinePresenter.swift in Sources */ = {isa = PBXBuildFile; fileRef = C9EA160A2696D657005105F0 /* TimelinePresenter.swift */; };
		C9EA160D2696D65E005105F0 /* TimelineInteractor.swift in Sources */ = {isa = PBXBuildFile; fileRef = C9EA160C2696D65E005105F0 /* TimelineInteractor.swift */; };
		C9EA160F2696D67A005105F0 /* TimelineViewController.swift in Sources */ = {isa = PBXBuildFile; fileRef = C9EA160E2696D67A005105F0 /* TimelineViewController.swift */; };
		C9EA16122696DFAB005105F0 /* TimelineCell.swift in Sources */ = {isa = PBXBuildFile; fileRef = C9EA16112696DFAB005105F0 /* TimelineCell.swift */; };
		C9EA16142697045B005105F0 /* TimelineCellToday.swift in Sources */ = {isa = PBXBuildFile; fileRef = C9EA16132697045B005105F0 /* TimelineCellToday.swift */; };
		C9EA161826971F40005105F0 /* CombinedPicker.swift in Sources */ = {isa = PBXBuildFile; fileRef = C9EA161726971F40005105F0 /* CombinedPicker.swift */; };
		C9EA161E26984116005105F0 /* Reminder.swift in Sources */ = {isa = PBXBuildFile; fileRef = C9EA161D26984116005105F0 /* Reminder.swift */; };
/* End PBXBuildFile section */

/* Begin PBXContainerItemProxy section */
		C96754D2267A5FC7003A016A /* PBXContainerItemProxy */ = {
			isa = PBXContainerItemProxy;
			containerPortal = C96754B0267A5FC1003A016A /* Project object */;
			proxyType = 1;
			remoteGlobalIDString = C96754B7267A5FC1003A016A;
			remoteInfo = Latime;
		};
/* End PBXContainerItemProxy section */

/* Begin PBXFileReference section */
		C92109EC2699CF4B00B2FEF8 /* ImagePicker.swift */ = {isa = PBXFileReference; lastKnownFileType = sourcecode.swift; path = ImagePicker.swift; sourceTree = "<group>"; };
		C93DEBA1267E3A9A000072E2 /* RelativePicker.swift */ = {isa = PBXFileReference; lastKnownFileType = sourcecode.swift; path = RelativePicker.swift; sourceTree = "<group>"; };
		C93DEBA4267E462D000072E2 /* AbsolutePicker.swift */ = {isa = PBXFileReference; lastKnownFileType = sourcecode.swift; path = AbsolutePicker.swift; sourceTree = "<group>"; };
		C96754B8267A5FC1003A016A /* Latime.app */ = {isa = PBXFileReference; explicitFileType = wrapper.application; includeInIndex = 0; path = Latime.app; sourceTree = BUILT_PRODUCTS_DIR; };
		C96754BB267A5FC1003A016A /* AppDelegate.swift */ = {isa = PBXFileReference; lastKnownFileType = sourcecode.swift; path = AppDelegate.swift; sourceTree = "<group>"; };
		C96754BD267A5FC1003A016A /* SceneDelegate.swift */ = {isa = PBXFileReference; lastKnownFileType = sourcecode.swift; path = SceneDelegate.swift; sourceTree = "<group>"; };
		C96754C5267A5FC2003A016A /* Latime.xcdatamodel */ = {isa = PBXFileReference; lastKnownFileType = wrapper.xcdatamodel; path = Latime.xcdatamodel; sourceTree = "<group>"; };
		C96754C7267A5FC6003A016A /* Assets.xcassets */ = {isa = PBXFileReference; lastKnownFileType = folder.assetcatalog; path = Assets.xcassets; sourceTree = "<group>"; };
		C96754CA267A5FC6003A016A /* Base */ = {isa = PBXFileReference; lastKnownFileType = file.storyboard; name = Base; path = Base.lproj/LaunchScreen.storyboard; sourceTree = "<group>"; };
		C96754CC267A5FC6003A016A /* Info.plist */ = {isa = PBXFileReference; lastKnownFileType = text.plist.xml; path = Info.plist; sourceTree = "<group>"; };
		C96754D1267A5FC7003A016A /* LatimeTests.xctest */ = {isa = PBXFileReference; explicitFileType = wrapper.cfbundle; includeInIndex = 0; path = LatimeTests.xctest; sourceTree = BUILT_PRODUCTS_DIR; };
		C96754D7267A5FC7003A016A /* Info.plist */ = {isa = PBXFileReference; lastKnownFileType = text.plist.xml; path = Info.plist; sourceTree = "<group>"; };
		C96754F0267A6242003A016A /* CoreDataStack.swift */ = {isa = PBXFileReference; lastKnownFileType = sourcecode.swift; path = CoreDataStack.swift; sourceTree = "<group>"; };
		C96754F7267A6363003A016A /* en */ = {isa = PBXFileReference; lastKnownFileType = text.plist.strings; name = en; path = en.lproj/Localizable.strings; sourceTree = "<group>"; };
		C96754F9267A6382003A016A /* ru */ = {isa = PBXFileReference; lastKnownFileType = text.plist.strings; name = ru; path = ru.lproj/Localizable.strings; sourceTree = "<group>"; };
		C96754FB267A6671003A016A /* CoreData+Extensions.swift */ = {isa = PBXFileReference; fileEncoding = 4; lastKnownFileType = sourcecode.swift; path = "CoreData+Extensions.swift"; sourceTree = "<group>"; };
		C96754FE267A6671003A016A /* Notification+Extensions.swift */ = {isa = PBXFileReference; fileEncoding = 4; lastKnownFileType = sourcecode.swift; path = "Notification+Extensions.swift"; sourceTree = "<group>"; };
		C96754FF267A6671003A016A /* UIFont+Extensions.swift */ = {isa = PBXFileReference; fileEncoding = 4; lastKnownFileType = sourcecode.swift; path = "UIFont+Extensions.swift"; sourceTree = "<group>"; };
		C9675500267A6671003A016A /* UIColor+Extensions.swift */ = {isa = PBXFileReference; fileEncoding = 4; lastKnownFileType = sourcecode.swift; path = "UIColor+Extensions.swift"; sourceTree = "<group>"; };
		C9675501267A6671003A016A /* Foundation+Extensions.swift */ = {isa = PBXFileReference; fileEncoding = 4; lastKnownFileType = sourcecode.swift; path = "Foundation+Extensions.swift"; sourceTree = "<group>"; };
		C9675502267A6671003A016A /* CoreAnimation+Extensions.swift */ = {isa = PBXFileReference; fileEncoding = 4; lastKnownFileType = sourcecode.swift; path = "CoreAnimation+Extensions.swift"; sourceTree = "<group>"; };
		C9675503267A6671003A016A /* Date+Extensions.swift */ = {isa = PBXFileReference; fileEncoding = 4; lastKnownFileType = sourcecode.swift; path = "Date+Extensions.swift"; sourceTree = "<group>"; };
		C9675507267A6671003A016A /* InspectorModel.swift */ = {isa = PBXFileReference; fileEncoding = 4; lastKnownFileType = sourcecode.swift; path = InspectorModel.swift; sourceTree = "<group>"; };
		C9675508267A6671003A016A /* Inspector_Protocols.swift */ = {isa = PBXFileReference; fileEncoding = 4; lastKnownFileType = sourcecode.swift; path = Inspector_Protocols.swift; sourceTree = "<group>"; };
		C9675509267A6671003A016A /* InspectorPresenter.swift */ = {isa = PBXFileReference; fileEncoding = 4; lastKnownFileType = sourcecode.swift; path = InspectorPresenter.swift; sourceTree = "<group>"; };
		C967550B267A6671003A016A /* UnsplashLogo.swift */ = {isa = PBXFileReference; fileEncoding = 4; lastKnownFileType = sourcecode.swift; path = UnsplashLogo.swift; sourceTree = "<group>"; };
		C967550C267A6671003A016A /* InputContainer.swift */ = {isa = PBXFileReference; fileEncoding = 4; lastKnownFileType = sourcecode.swift; path = InputContainer.swift; sourceTree = "<group>"; };
		C967550D267A6671003A016A /* InspectorViewController+InputContainer.swift */ = {isa = PBXFileReference; fileEncoding = 4; lastKnownFileType = sourcecode.swift; path = "InspectorViewController+InputContainer.swift"; sourceTree = "<group>"; };
		C9675512267A6671003A016A /* InspectorViewController.swift */ = {isa = PBXFileReference; fileEncoding = 4; lastKnownFileType = sourcecode.swift; path = InspectorViewController.swift; sourceTree = "<group>"; };
		C9675513267A6671003A016A /* InspectorRouter.swift */ = {isa = PBXFileReference; fileEncoding = 4; lastKnownFileType = sourcecode.swift; path = InspectorRouter.swift; sourceTree = "<group>"; };
		C9675515267A6671003A016A /* InspectorDataManager.swift */ = {isa = PBXFileReference; fileEncoding = 4; lastKnownFileType = sourcecode.swift; path = InspectorDataManager.swift; sourceTree = "<group>"; };
		C9675516267A6671003A016A /* InspectorInteractor.swift */ = {isa = PBXFileReference; fileEncoding = 4; lastKnownFileType = sourcecode.swift; path = InspectorInteractor.swift; sourceTree = "<group>"; };
		C9675518267A6671003A016A /* GlanceRouter.swift */ = {isa = PBXFileReference; fileEncoding = 4; lastKnownFileType = sourcecode.swift; path = GlanceRouter.swift; sourceTree = "<group>"; };
		C967551A267A6671003A016A /* GlanceModel.swift */ = {isa = PBXFileReference; fileEncoding = 4; lastKnownFileType = sourcecode.swift; path = GlanceModel.swift; sourceTree = "<group>"; };
		C967551B267A6671003A016A /* Glance_Protocols.swift */ = {isa = PBXFileReference; fileEncoding = 4; lastKnownFileType = sourcecode.swift; path = Glance_Protocols.swift; sourceTree = "<group>"; };
		C967551C267A6671003A016A /* GlancePresenter.swift */ = {isa = PBXFileReference; fileEncoding = 4; lastKnownFileType = sourcecode.swift; path = GlancePresenter.swift; sourceTree = "<group>"; };
		C967551F267A6671003A016A /* GlanceContextMenu.swift */ = {isa = PBXFileReference; fileEncoding = 4; lastKnownFileType = sourcecode.swift; path = GlanceContextMenu.swift; sourceTree = "<group>"; };
		C9675521267A6671003A016A /* GlanceViewController.swift */ = {isa = PBXFileReference; fileEncoding = 4; lastKnownFileType = sourcecode.swift; path = GlanceViewController.swift; sourceTree = "<group>"; };
		C9675525267A6671003A016A /* GlanceCellPhase.swift */ = {isa = PBXFileReference; fileEncoding = 4; lastKnownFileType = sourcecode.swift; path = GlanceCellPhase.swift; sourceTree = "<group>"; };
		C9675527267A6671003A016A /* GlanceDataManager.swift */ = {isa = PBXFileReference; fileEncoding = 4; lastKnownFileType = sourcecode.swift; path = GlanceDataManager.swift; sourceTree = "<group>"; };
		C9675528267A6671003A016A /* GlanceInteractor.swift */ = {isa = PBXFileReference; fileEncoding = 4; lastKnownFileType = sourcecode.swift; path = GlanceInteractor.swift; sourceTree = "<group>"; };
		C967554E267A6B34003A016A /* CoreDataTestStack.swift */ = {isa = PBXFileReference; fileEncoding = 4; lastKnownFileType = sourcecode.swift; path = CoreDataTestStack.swift; sourceTree = "<group>"; };
		C967554F267A6B35003A016A /* GlancePresenterStub.swift */ = {isa = PBXFileReference; fileEncoding = 4; lastKnownFileType = sourcecode.swift; path = GlancePresenterStub.swift; sourceTree = "<group>"; };
		C97724302694A5290050665A /* ICPaddingTextField.swift */ = {isa = PBXFileReference; lastKnownFileType = sourcecode.swift; path = ICPaddingTextField.swift; sourceTree = "<group>"; };
		C9790489267E26F6008C8093 /* GlanceCellParent.swift */ = {isa = PBXFileReference; lastKnownFileType = sourcecode.swift; path = GlanceCellParent.swift; sourceTree = "<group>"; };
		C979048F267E29C0008C8093 /* GlanceCountdownView.swift */ = {isa = PBXFileReference; lastKnownFileType = sourcecode.swift; path = GlanceCountdownView.swift; sourceTree = "<group>"; };
		C992AACA269D85260078B9A8 /* CellCalendar.swift */ = {isa = PBXFileReference; lastKnownFileType = sourcecode.swift; path = CellCalendar.swift; sourceTree = "<group>"; };
		C992AACC269D85320078B9A8 /* CellText.swift */ = {isa = PBXFileReference; lastKnownFileType = sourcecode.swift; path = CellText.swift; sourceTree = "<group>"; };
		C992AACE269D85440078B9A8 /* SupplementaryView.swift */ = {isa = PBXFileReference; lastKnownFileType = sourcecode.swift; path = SupplementaryView.swift; sourceTree = "<group>"; };
		C9A02AEF267A6D5A00F8E85F /* LatimeTests.swift */ = {isa = PBXFileReference; lastKnownFileType = sourcecode.swift; path = LatimeTests.swift; sourceTree = "<group>"; };
		C9B062692695C12200009383 /* InfoCountdownView.swift */ = {isa = PBXFileReference; fileEncoding = 4; lastKnownFileType = sourcecode.swift; path = InfoCountdownView.swift; sourceTree = "<group>"; };
		C9B0626A2695C12200009383 /* InfoDateView.swift */ = {isa = PBXFileReference; fileEncoding = 4; lastKnownFileType = sourcecode.swift; path = InfoDateView.swift; sourceTree = "<group>"; };
		C9B0626B2695C12200009383 /* InfoView.swift */ = {isa = PBXFileReference; fileEncoding = 4; lastKnownFileType = sourcecode.swift; path = InfoView.swift; sourceTree = "<group>"; };
		C9B0626F2695C12C00009383 /* InputCountdownField.swift */ = {isa = PBXFileReference; fileEncoding = 4; lastKnownFileType = sourcecode.swift; path = InputCountdownField.swift; sourceTree = "<group>"; };
		C9B062712695C12C00009383 /* paddingTextField.swift */ = {isa = PBXFileReference; fileEncoding = 4; lastKnownFileType = sourcecode.swift; path = paddingTextField.swift; sourceTree = "<group>"; };
		C9B9AD302689C46C00A182DA /* Indicator.swift */ = {isa = PBXFileReference; lastKnownFileType = sourcecode.swift; path = Indicator.swift; sourceTree = "<group>"; };
		C9DE3C402684A94900FE773D /* UIKit+Extension.swift */ = {isa = PBXFileReference; lastKnownFileType = sourcecode.swift; path = "UIKit+Extension.swift"; sourceTree = "<group>"; };
		C9E77DCE269CB2A500F8D582 /* TemporaryVC.swift */ = {isa = PBXFileReference; lastKnownFileType = sourcecode.swift; path = TemporaryVC.swift; sourceTree = "<group>"; };
		C9EA16062696D640005105F0 /* TimelineRouter.swift */ = {isa = PBXFileReference; lastKnownFileType = sourcecode.swift; path = TimelineRouter.swift; sourceTree = "<group>"; };
		C9EA16082696D64F005105F0 /* TimelineProtocols.swift */ = {isa = PBXFileReference; lastKnownFileType = sourcecode.swift; path = TimelineProtocols.swift; sourceTree = "<group>"; };
		C9EA160A2696D657005105F0 /* TimelinePresenter.swift */ = {isa = PBXFileReference; lastKnownFileType = sourcecode.swift; path = TimelinePresenter.swift; sourceTree = "<group>"; };
		C9EA160C2696D65E005105F0 /* TimelineInteractor.swift */ = {isa = PBXFileReference; lastKnownFileType = sourcecode.swift; path = TimelineInteractor.swift; sourceTree = "<group>"; };
		C9EA160E2696D67A005105F0 /* TimelineViewController.swift */ = {isa = PBXFileReference; lastKnownFileType = sourcecode.swift; path = TimelineViewController.swift; sourceTree = "<group>"; };
		C9EA16112696DFAB005105F0 /* TimelineCell.swift */ = {isa = PBXFileReference; lastKnownFileType = sourcecode.swift; path = TimelineCell.swift; sourceTree = "<group>"; };
		C9EA16132697045B005105F0 /* TimelineCellToday.swift */ = {isa = PBXFileReference; lastKnownFileType = sourcecode.swift; path = TimelineCellToday.swift; sourceTree = "<group>"; };
		C9EA161726971F40005105F0 /* CombinedPicker.swift */ = {isa = PBXFileReference; lastKnownFileType = sourcecode.swift; path = CombinedPicker.swift; sourceTree = "<group>"; };
		C9EA161D26984116005105F0 /* Reminder.swift */ = {isa = PBXFileReference; lastKnownFileType = sourcecode.swift; path = Reminder.swift; sourceTree = "<group>"; };
/* End PBXFileReference section */

/* Begin PBXFrameworksBuildPhase section */
		C96754B5267A5FC1003A016A /* Frameworks */ = {
			isa = PBXFrameworksBuildPhase;
			buildActionMask = 2147483647;
			files = (
			);
			runOnlyForDeploymentPostprocessing = 0;
		};
		C96754CE267A5FC7003A016A /* Frameworks */ = {
			isa = PBXFrameworksBuildPhase;
			buildActionMask = 2147483647;
			files = (
			);
			runOnlyForDeploymentPostprocessing = 0;
		};
/* End PBXFrameworksBuildPhase section */

/* Begin PBXGroup section */
		C92109EA2699CE6700B2FEF8 /* aaa. ImagePicker */ = {
			isa = PBXGroup;
			children = (
				C92109EC2699CF4B00B2FEF8 /* ImagePicker.swift */,
			);
			path = "aaa. ImagePicker";
			sourceTree = "<group>";
		};
		C92109EB2699CE6D00B2FEF8 /* aab. Camera */ = {
			isa = PBXGroup;
			children = (
			);
			path = "aab. Camera";
			sourceTree = "<group>";
		};
		C92109EE2699D3D300B2FEF8 /* DataManager */ = {
			isa = PBXGroup;
			children = (
				C9675527267A6671003A016A /* GlanceDataManager.swift */,
			);
			path = DataManager;
			sourceTree = "<group>";
		};
		C92109EF2699D55300B2FEF8 /* Views */ = {
			isa = PBXGroup;
			children = (
				C9EA161526971E5C005105F0 /* DatePickerCell */,
				C977242F2694A5100050665A /* InputContainerField */,
				C9675514267A6671003A016A /* Interactor */,
				C9EA161B269840D8005105F0 /* ReminderField */,
			);
			path = Views;
			sourceTree = "<group>";
		};
		C96754AF267A5FC1003A016A = {
			isa = PBXGroup;
			children = (
				C96754BA267A5FC1003A016A /* Latime */,
				C96754D4267A5FC7003A016A /* LatimeTests */,
				C96754B9267A5FC1003A016A /* Products */,
			);
			sourceTree = "<group>";
		};
		C96754B9267A5FC1003A016A /* Products */ = {
			isa = PBXGroup;
			children = (
				C96754B8267A5FC1003A016A /* Latime.app */,
				C96754D1267A5FC7003A016A /* LatimeTests.xctest */,
			);
			name = Products;
			sourceTree = "<group>";
		};
		C96754BA267A5FC1003A016A /* Latime */ = {
			isa = PBXGroup;
			children = (
				C96754EE267A6219003A016A /* AppFiles */,
				C96754F2267A625E003A016A /* CoreData */,
				C96754FA267A6671003A016A /* Extensions */,
				C9675504267A6671003A016A /* Modules */,
				C96754F3267A627A003A016A /* SupportingFiles */,
			);
			path = Latime;
			sourceTree = "<group>";
		};
		C96754D4267A5FC7003A016A /* LatimeTests */ = {
			isa = PBXGroup;
			children = (
				C967554E267A6B34003A016A /* CoreDataTestStack.swift */,
				C967554F267A6B35003A016A /* GlancePresenterStub.swift */,
				C9A02AEF267A6D5A00F8E85F /* LatimeTests.swift */,
				C96754D7267A5FC7003A016A /* Info.plist */,
			);
			path = LatimeTests;
			sourceTree = "<group>";
		};
		C96754EE267A6219003A016A /* AppFiles */ = {
			isa = PBXGroup;
			children = (
				C96754BB267A5FC1003A016A /* AppDelegate.swift */,
				C96754BD267A5FC1003A016A /* SceneDelegate.swift */,
			);
			path = AppFiles;
			sourceTree = "<group>";
		};
		C96754F2267A625E003A016A /* CoreData */ = {
			isa = PBXGroup;
			children = (
				C96754F0267A6242003A016A /* CoreDataStack.swift */,
				C96754C4267A5FC2003A016A /* Latime.xcdatamodeld */,
			);
			path = CoreData;
			sourceTree = "<group>";
		};
		C96754F3267A627A003A016A /* SupportingFiles */ = {
			isa = PBXGroup;
			children = (
				C96754C7267A5FC6003A016A /* Assets.xcassets */,
				C96754CC267A5FC6003A016A /* Info.plist */,
				C96754C9267A5FC6003A016A /* LaunchScreen.storyboard */,
				C96754F8267A6363003A016A /* Localizable.strings */,
			);
			path = SupportingFiles;
			sourceTree = "<group>";
		};
		C96754FA267A6671003A016A /* Extensions */ = {
			isa = PBXGroup;
			children = (
				C96754FB267A6671003A016A /* CoreData+Extensions.swift */,
				C96754FE267A6671003A016A /* Notification+Extensions.swift */,
				C96754FF267A6671003A016A /* UIFont+Extensions.swift */,
				C9675500267A6671003A016A /* UIColor+Extensions.swift */,
				C9675501267A6671003A016A /* Foundation+Extensions.swift */,
				C9675502267A6671003A016A /* CoreAnimation+Extensions.swift */,
				C9675503267A6671003A016A /* Date+Extensions.swift */,
				C9DE3C402684A94900FE773D /* UIKit+Extension.swift */,
			);
			path = Extensions;
			sourceTree = "<group>";
		};
		C9675504267A6671003A016A /* Modules */ = {
			isa = PBXGroup;
			children = (
				C9675517267A6671003A016A /* a. Glance */,
				C9675505267A6671003A016A /* aa. Inspector */,
				C92109EA2699CE6700B2FEF8 /* aaa. ImagePicker */,
				C92109EB2699CE6D00B2FEF8 /* aab. Camera */,
				C9EA16052696D59A005105F0 /* b. Timeline */,
				C9E77DCD269CB29300F8D582 /* c. NewHellaScreen */,
			);
			path = Modules;
			sourceTree = "<group>";
		};
		C9675505267A6671003A016A /* aa. Inspector */ = {
			isa = PBXGroup;
			children = (
				C9675508267A6671003A016A /* Inspector_Protocols.swift */,
				C9675509267A6671003A016A /* InspectorPresenter.swift */,
				C9675513267A6671003A016A /* InspectorRouter.swift */,
				C9675512267A6671003A016A /* InspectorViewController.swift */,
				C967550D267A6671003A016A /* InspectorViewController+InputContainer.swift */,
				C9675507267A6671003A016A /* InspectorModel.swift */,
				C92109EF2699D55300B2FEF8 /* Views */,
			);
			path = "aa. Inspector";
			sourceTree = "<group>";
		};
		C9675514267A6671003A016A /* Interactor */ = {
			isa = PBXGroup;
			children = (
				C9675515267A6671003A016A /* InspectorDataManager.swift */,
				C9675516267A6671003A016A /* InspectorInteractor.swift */,
			);
			path = Interactor;
			sourceTree = "<group>";
		};
		C9675517267A6671003A016A /* a. Glance */ = {
			isa = PBXGroup;
			children = (
				C967551B267A6671003A016A /* Glance_Protocols.swift */,
				C9675528267A6671003A016A /* GlanceInteractor.swift */,
				C967551A267A6671003A016A /* GlanceModel.swift */,
				C967551C267A6671003A016A /* GlancePresenter.swift */,
				C9675518267A6671003A016A /* GlanceRouter.swift */,
				C9675521267A6671003A016A /* GlanceViewController.swift */,
				C92109EE2699D3D300B2FEF8 /* DataManager */,
				C967551D267A6671003A016A /* Views */,
			);
			path = "a. Glance";
			sourceTree = "<group>";
		};
		C967551D267A6671003A016A /* Views */ = {
			isa = PBXGroup;
			children = (
				C979048F267E29C0008C8093 /* GlanceCountdownView.swift */,
				C9790489267E26F6008C8093 /* GlanceCellParent.swift */,
				C9675525267A6671003A016A /* GlanceCellPhase.swift */,
				C967551F267A6671003A016A /* GlanceContextMenu.swift */,
				C9B9AD302689C46C00A182DA /* Indicator.swift */,
			);
			path = Views;
			sourceTree = "<group>";
		};
		C977242F2694A5100050665A /* InputContainerField */ = {
			isa = PBXGroup;
			children = (
				C967550C267A6671003A016A /* InputContainer.swift */,
				C97724302694A5290050665A /* ICPaddingTextField.swift */,
				C967550B267A6671003A016A /* UnsplashLogo.swift */,
			);
			path = InputContainerField;
			sourceTree = "<group>";
		};
		C9B062662695C01500009383 /* InfoPlate */ = {
			isa = PBXGroup;
			children = (
				C9B062692695C12200009383 /* InfoCountdownView.swift */,
				C9B0626A2695C12200009383 /* InfoDateView.swift */,
				C9B0626B2695C12200009383 /* InfoView.swift */,
			);
			path = InfoPlate;
			sourceTree = "<group>";
		};
		C9B062682695C05300009383 /* InputDate */ = {
			isa = PBXGroup;
			children = (
				C9B0626F2695C12C00009383 /* InputCountdownField.swift */,
				C9B062712695C12C00009383 /* paddingTextField.swift */,
			);
			path = InputDate;
			sourceTree = "<group>";
		};
		C9E77DCD269CB29300F8D582 /* c. NewHellaScreen */ = {
			isa = PBXGroup;
			children = (
				C9E77DCE269CB2A500F8D582 /* TemporaryVC.swift */,
				C992AACC269D85320078B9A8 /* CellText.swift */,
				C992AACA269D85260078B9A8 /* CellCalendar.swift */,
				C992AACE269D85440078B9A8 /* SupplementaryView.swift */,
			);
			path = "c. NewHellaScreen";
			sourceTree = "<group>";
		};
		C9EA16052696D59A005105F0 /* b. Timeline */ = {
			isa = PBXGroup;
			children = (
				C9EA160C2696D65E005105F0 /* TimelineInteractor.swift */,
				C9EA160A2696D657005105F0 /* TimelinePresenter.swift */,
				C9EA16082696D64F005105F0 /* TimelineProtocols.swift */,
				C9EA16062696D640005105F0 /* TimelineRouter.swift */,
				C9EA160E2696D67A005105F0 /* TimelineViewController.swift */,
				C9EA16102696DF6E005105F0 /* Views */,
			);
			path = "b. Timeline";
			sourceTree = "<group>";
		};
		C9EA16102696DF6E005105F0 /* Views */ = {
			isa = PBXGroup;
			children = (
				C9EA16112696DFAB005105F0 /* TimelineCell.swift */,
				C9EA16132697045B005105F0 /* TimelineCellToday.swift */,
			);
			path = Views;
			sourceTree = "<group>";
		};
		C9EA161526971E5C005105F0 /* DatePickerCell */ = {
			isa = PBXGroup;
			children = (
				C9EA161726971F40005105F0 /* CombinedPicker.swift */,
				C93DEBA4267E462D000072E2 /* AbsolutePicker.swift */,
				C93DEBA1267E3A9A000072E2 /* RelativePicker.swift */,
				C9B062662695C01500009383 /* InfoPlate */,
				C9B062682695C05300009383 /* InputDate */,
			);
			path = DatePickerCell;
			sourceTree = "<group>";
		};
		C9EA161B269840D8005105F0 /* ReminderField */ = {
			isa = PBXGroup;
			children = (
				C9EA161D26984116005105F0 /* Reminder.swift */,
			);
			path = ReminderField;
			sourceTree = "<group>";
		};
/* End PBXGroup section */

/* Begin PBXNativeTarget section */
		C96754B7267A5FC1003A016A /* Latime */ = {
			isa = PBXNativeTarget;
			buildConfigurationList = C96754E5267A5FC7003A016A /* Build configuration list for PBXNativeTarget "Latime" */;
			buildPhases = (
				C96754B4267A5FC1003A016A /* Sources */,
				C96754B5267A5FC1003A016A /* Frameworks */,
				C96754B6267A5FC1003A016A /* Resources */,
			);
			buildRules = (
			);
			dependencies = (
			);
			name = Latime;
			productName = Latime;
			productReference = C96754B8267A5FC1003A016A /* Latime.app */;
			productType = "com.apple.product-type.application";
		};
		C96754D0267A5FC7003A016A /* LatimeTests */ = {
			isa = PBXNativeTarget;
			buildConfigurationList = C96754E8267A5FC7003A016A /* Build configuration list for PBXNativeTarget "LatimeTests" */;
			buildPhases = (
				C96754CD267A5FC7003A016A /* Sources */,
				C96754CE267A5FC7003A016A /* Frameworks */,
				C96754CF267A5FC7003A016A /* Resources */,
			);
			buildRules = (
			);
			dependencies = (
				C96754D3267A5FC7003A016A /* PBXTargetDependency */,
			);
			name = LatimeTests;
			productName = LatimeTests;
			productReference = C96754D1267A5FC7003A016A /* LatimeTests.xctest */;
			productType = "com.apple.product-type.bundle.unit-test";
		};
/* End PBXNativeTarget section */

/* Begin PBXProject section */
		C96754B0267A5FC1003A016A /* Project object */ = {
			isa = PBXProject;
			attributes = {
				LastSwiftUpdateCheck = 1250;
				LastUpgradeCheck = 1250;
				TargetAttributes = {
					C96754B7267A5FC1003A016A = {
						CreatedOnToolsVersion = 12.5;
					};
					C96754D0267A5FC7003A016A = {
						CreatedOnToolsVersion = 12.5;
						TestTargetID = C96754B7267A5FC1003A016A;
					};
				};
			};
			buildConfigurationList = C96754B3267A5FC1003A016A /* Build configuration list for PBXProject "Latime" */;
			compatibilityVersion = "Xcode 9.3";
			developmentRegion = en;
			hasScannedForEncodings = 0;
			knownRegions = (
				en,
				Base,
				ru,
			);
			mainGroup = C96754AF267A5FC1003A016A;
			productRefGroup = C96754B9267A5FC1003A016A /* Products */;
			projectDirPath = "";
			projectRoot = "";
			targets = (
				C96754B7267A5FC1003A016A /* Latime */,
				C96754D0267A5FC7003A016A /* LatimeTests */,
			);
		};
/* End PBXProject section */

/* Begin PBXResourcesBuildPhase section */
		C96754B6267A5FC1003A016A /* Resources */ = {
			isa = PBXResourcesBuildPhase;
			buildActionMask = 2147483647;
			files = (
				C96754CB267A5FC6003A016A /* LaunchScreen.storyboard in Resources */,
				C96754F6267A6363003A016A /* Localizable.strings in Resources */,
				C96754C8267A5FC6003A016A /* Assets.xcassets in Resources */,
			);
			runOnlyForDeploymentPostprocessing = 0;
		};
		C96754CF267A5FC7003A016A /* Resources */ = {
			isa = PBXResourcesBuildPhase;
			buildActionMask = 2147483647;
			files = (
			);
			runOnlyForDeploymentPostprocessing = 0;
		};
/* End PBXResourcesBuildPhase section */

/* Begin PBXSourcesBuildPhase section */
		C96754B4267A5FC1003A016A /* Sources */ = {
			isa = PBXSourcesBuildPhase;
			buildActionMask = 2147483647;
			files = (
				C967553C267A6671003A016A /* InspectorRouter.swift in Sources */,
				C96754F1267A6242003A016A /* CoreDataStack.swift in Sources */,
				C9675532267A6671003A016A /* Inspector_Protocols.swift in Sources */,
				C9675535267A6671003A016A /* InputContainer.swift in Sources */,
				C9675533267A6671003A016A /* InspectorPresenter.swift in Sources */,
				C9675530267A6671003A016A /* Date+Extensions.swift in Sources */,
				C992AACB269D85260078B9A8 /* CellCalendar.swift in Sources */,
				C96754BC267A5FC1003A016A /* AppDelegate.swift in Sources */,
				C96754BE267A5FC1003A016A /* SceneDelegate.swift in Sources */,
				C9B0626E2695C12200009383 /* InfoView.swift in Sources */,
				C9EA160D2696D65E005105F0 /* TimelineInteractor.swift in Sources */,
				C967554A267A6671003A016A /* GlanceCellPhase.swift in Sources */,
				C9EA161826971F40005105F0 /* CombinedPicker.swift in Sources */,
				C93DEBA2267E3A9A000072E2 /* RelativePicker.swift in Sources */,
				C92109ED2699CF4B00B2FEF8 /* ImagePicker.swift in Sources */,
				C9675540267A6671003A016A /* GlanceModel.swift in Sources */,
				C9790490267E29C0008C8093 /* GlanceCountdownView.swift in Sources */,
				C9B0626C2695C12200009383 /* InfoCountdownView.swift in Sources */,
				C9EA16092696D64F005105F0 /* TimelineProtocols.swift in Sources */,
				C967554B267A6671003A016A /* GlanceDataManager.swift in Sources */,
				C9675544267A6671003A016A /* GlanceContextMenu.swift in Sources */,
				C967552F267A6671003A016A /* CoreAnimation+Extensions.swift in Sources */,
				C9B062722695C12C00009383 /* InputCountdownField.swift in Sources */,
				C967552D267A6671003A016A /* UIColor+Extensions.swift in Sources */,
				C9675542267A6671003A016A /* GlancePresenter.swift in Sources */,
				C967553B267A6671003A016A /* InspectorViewController.swift in Sources */,
				C9675529267A6671003A016A /* CoreData+Extensions.swift in Sources */,
				C979048A267E26F6008C8093 /* GlanceCellParent.swift in Sources */,
				C9EA16142697045B005105F0 /* TimelineCellToday.swift in Sources */,
				C967553F267A6671003A016A /* GlanceRouter.swift in Sources */,
				C9EA161E26984116005105F0 /* Reminder.swift in Sources */,
				C9675531267A6671003A016A /* InspectorModel.swift in Sources */,
				C967553E267A6671003A016A /* InspectorInteractor.swift in Sources */,
				C967552B267A6671003A016A /* Notification+Extensions.swift in Sources */,
				C9EA16122696DFAB005105F0 /* TimelineCell.swift in Sources */,
				C9B9AD312689C46C00A182DA /* Indicator.swift in Sources */,
				C992AACF269D85440078B9A8 /* SupplementaryView.swift in Sources */,
				C9675541267A6671003A016A /* Glance_Protocols.swift in Sources */,
				C9EA16072696D640005105F0 /* TimelineRouter.swift in Sources */,
				C967553D267A6671003A016A /* InspectorDataManager.swift in Sources */,
				C967554C267A6671003A016A /* GlanceInteractor.swift in Sources */,
				C9675546267A6671003A016A /* GlanceViewController.swift in Sources */,
				C9675534267A6671003A016A /* UnsplashLogo.swift in Sources */,
				C96754C6267A5FC2003A016A /* Latime.xcdatamodeld in Sources */,
				C9675536267A6671003A016A /* InspectorViewController+InputContainer.swift in Sources */,
				C9B0626D2695C12200009383 /* InfoDateView.swift in Sources */,
				C967552C267A6671003A016A /* UIFont+Extensions.swift in Sources */,
				C97724312694A5290050665A /* ICPaddingTextField.swift in Sources */,
				C9EA160F2696D67A005105F0 /* TimelineViewController.swift in Sources */,
				C967552E267A6671003A016A /* Foundation+Extensions.swift in Sources */,
				C9B062742695C12C00009383 /* paddingTextField.swift in Sources */,
				C9EA160B2696D657005105F0 /* TimelinePresenter.swift in Sources */,
				C9E77DCF269CB2A500F8D582 /* TemporaryVC.swift in Sources */,
				C93DEBA5267E462D000072E2 /* AbsolutePicker.swift in Sources */,
				C992AACD269D85320078B9A8 /* CellText.swift in Sources */,
				C9DE3C412684A94900FE773D /* UIKit+Extension.swift in Sources */,
			);
			runOnlyForDeploymentPostprocessing = 0;
		};
		C96754CD267A5FC7003A016A /* Sources */ = {
			isa = PBXSourcesBuildPhase;
			buildActionMask = 2147483647;
			files = (
				C9A02AF0267A6D5A00F8E85F /* LatimeTests.swift in Sources */,
				C9675552267A6B35003A016A /* GlancePresenterStub.swift in Sources */,
				C9675551267A6B35003A016A /* CoreDataTestStack.swift in Sources */,
			);
			runOnlyForDeploymentPostprocessing = 0;
		};
/* End PBXSourcesBuildPhase section */

/* Begin PBXTargetDependency section */
		C96754D3267A5FC7003A016A /* PBXTargetDependency */ = {
			isa = PBXTargetDependency;
			target = C96754B7267A5FC1003A016A /* Latime */;
			targetProxy = C96754D2267A5FC7003A016A /* PBXContainerItemProxy */;
		};
/* End PBXTargetDependency section */

/* Begin PBXVariantGroup section */
		C96754C9267A5FC6003A016A /* LaunchScreen.storyboard */ = {
			isa = PBXVariantGroup;
			children = (
				C96754CA267A5FC6003A016A /* Base */,
			);
			name = LaunchScreen.storyboard;
			sourceTree = "<group>";
		};
		C96754F8267A6363003A016A /* Localizable.strings */ = {
			isa = PBXVariantGroup;
			children = (
				C96754F7267A6363003A016A /* en */,
				C96754F9267A6382003A016A /* ru */,
			);
			name = Localizable.strings;
			sourceTree = "<group>";
		};
/* End PBXVariantGroup section */

/* Begin XCBuildConfiguration section */
		C96754E3267A5FC7003A016A /* Debug */ = {
			isa = XCBuildConfiguration;
			buildSettings = {
				ALWAYS_SEARCH_USER_PATHS = NO;
				CLANG_ANALYZER_LOCALIZABILITY_NONLOCALIZED = YES;
				CLANG_ANALYZER_NONNULL = YES;
				CLANG_ANALYZER_NUMBER_OBJECT_CONVERSION = YES_AGGRESSIVE;
				CLANG_CXX_LANGUAGE_STANDARD = "gnu++14";
				CLANG_CXX_LIBRARY = "libc++";
				CLANG_ENABLE_MODULES = YES;
				CLANG_ENABLE_OBJC_ARC = YES;
				CLANG_ENABLE_OBJC_WEAK = YES;
				CLANG_WARN_BLOCK_CAPTURE_AUTORELEASING = YES;
				CLANG_WARN_BOOL_CONVERSION = YES;
				CLANG_WARN_COMMA = YES;
				CLANG_WARN_CONSTANT_CONVERSION = YES;
				CLANG_WARN_DEPRECATED_OBJC_IMPLEMENTATIONS = YES;
				CLANG_WARN_DIRECT_OBJC_ISA_USAGE = YES_ERROR;
				CLANG_WARN_DOCUMENTATION_COMMENTS = YES;
				CLANG_WARN_EMPTY_BODY = YES;
				CLANG_WARN_ENUM_CONVERSION = YES;
				CLANG_WARN_INFINITE_RECURSION = YES;
				CLANG_WARN_INT_CONVERSION = YES;
				CLANG_WARN_NON_LITERAL_NULL_CONVERSION = YES;
				CLANG_WARN_OBJC_IMPLICIT_RETAIN_SELF = YES;
				CLANG_WARN_OBJC_LITERAL_CONVERSION = YES;
				CLANG_WARN_OBJC_ROOT_CLASS = YES_ERROR;
				CLANG_WARN_QUOTED_INCLUDE_IN_FRAMEWORK_HEADER = YES;
				CLANG_WARN_RANGE_LOOP_ANALYSIS = YES;
				CLANG_WARN_STRICT_PROTOTYPES = YES;
				CLANG_WARN_SUSPICIOUS_MOVE = YES;
				CLANG_WARN_UNGUARDED_AVAILABILITY = YES_AGGRESSIVE;
				CLANG_WARN_UNREACHABLE_CODE = YES;
				CLANG_WARN__DUPLICATE_METHOD_MATCH = YES;
				COPY_PHASE_STRIP = NO;
				DEBUG_INFORMATION_FORMAT = dwarf;
				ENABLE_STRICT_OBJC_MSGSEND = YES;
				ENABLE_TESTABILITY = YES;
				GCC_C_LANGUAGE_STANDARD = gnu11;
				GCC_DYNAMIC_NO_PIC = NO;
				GCC_NO_COMMON_BLOCKS = YES;
				GCC_OPTIMIZATION_LEVEL = 0;
				GCC_PREPROCESSOR_DEFINITIONS = (
					"DEBUG=1",
					"$(inherited)",
				);
				GCC_WARN_64_TO_32_BIT_CONVERSION = YES;
				GCC_WARN_ABOUT_RETURN_TYPE = YES_ERROR;
				GCC_WARN_UNDECLARED_SELECTOR = YES;
				GCC_WARN_UNINITIALIZED_AUTOS = YES_AGGRESSIVE;
				GCC_WARN_UNUSED_FUNCTION = YES;
				GCC_WARN_UNUSED_VARIABLE = YES;
				IPHONEOS_DEPLOYMENT_TARGET = 14.5;
				MTL_ENABLE_DEBUG_INFO = INCLUDE_SOURCE;
				MTL_FAST_MATH = YES;
				ONLY_ACTIVE_ARCH = YES;
				SDKROOT = iphoneos;
				SWIFT_ACTIVE_COMPILATION_CONDITIONS = DEBUG;
				SWIFT_OPTIMIZATION_LEVEL = "-Onone";
			};
			name = Debug;
		};
		C96754E4267A5FC7003A016A /* Release */ = {
			isa = XCBuildConfiguration;
			buildSettings = {
				ALWAYS_SEARCH_USER_PATHS = NO;
				CLANG_ANALYZER_LOCALIZABILITY_NONLOCALIZED = YES;
				CLANG_ANALYZER_NONNULL = YES;
				CLANG_ANALYZER_NUMBER_OBJECT_CONVERSION = YES_AGGRESSIVE;
				CLANG_CXX_LANGUAGE_STANDARD = "gnu++14";
				CLANG_CXX_LIBRARY = "libc++";
				CLANG_ENABLE_MODULES = YES;
				CLANG_ENABLE_OBJC_ARC = YES;
				CLANG_ENABLE_OBJC_WEAK = YES;
				CLANG_WARN_BLOCK_CAPTURE_AUTORELEASING = YES;
				CLANG_WARN_BOOL_CONVERSION = YES;
				CLANG_WARN_COMMA = YES;
				CLANG_WARN_CONSTANT_CONVERSION = YES;
				CLANG_WARN_DEPRECATED_OBJC_IMPLEMENTATIONS = YES;
				CLANG_WARN_DIRECT_OBJC_ISA_USAGE = YES_ERROR;
				CLANG_WARN_DOCUMENTATION_COMMENTS = YES;
				CLANG_WARN_EMPTY_BODY = YES;
				CLANG_WARN_ENUM_CONVERSION = YES;
				CLANG_WARN_INFINITE_RECURSION = YES;
				CLANG_WARN_INT_CONVERSION = YES;
				CLANG_WARN_NON_LITERAL_NULL_CONVERSION = YES;
				CLANG_WARN_OBJC_IMPLICIT_RETAIN_SELF = YES;
				CLANG_WARN_OBJC_LITERAL_CONVERSION = YES;
				CLANG_WARN_OBJC_ROOT_CLASS = YES_ERROR;
				CLANG_WARN_QUOTED_INCLUDE_IN_FRAMEWORK_HEADER = YES;
				CLANG_WARN_RANGE_LOOP_ANALYSIS = YES;
				CLANG_WARN_STRICT_PROTOTYPES = YES;
				CLANG_WARN_SUSPICIOUS_MOVE = YES;
				CLANG_WARN_UNGUARDED_AVAILABILITY = YES_AGGRESSIVE;
				CLANG_WARN_UNREACHABLE_CODE = YES;
				CLANG_WARN__DUPLICATE_METHOD_MATCH = YES;
				COPY_PHASE_STRIP = NO;
				DEBUG_INFORMATION_FORMAT = "dwarf-with-dsym";
				ENABLE_NS_ASSERTIONS = NO;
				ENABLE_STRICT_OBJC_MSGSEND = YES;
				GCC_C_LANGUAGE_STANDARD = gnu11;
				GCC_NO_COMMON_BLOCKS = YES;
				GCC_WARN_64_TO_32_BIT_CONVERSION = YES;
				GCC_WARN_ABOUT_RETURN_TYPE = YES_ERROR;
				GCC_WARN_UNDECLARED_SELECTOR = YES;
				GCC_WARN_UNINITIALIZED_AUTOS = YES_AGGRESSIVE;
				GCC_WARN_UNUSED_FUNCTION = YES;
				GCC_WARN_UNUSED_VARIABLE = YES;
				IPHONEOS_DEPLOYMENT_TARGET = 14.5;
				MTL_ENABLE_DEBUG_INFO = NO;
				MTL_FAST_MATH = YES;
				SDKROOT = iphoneos;
				SWIFT_COMPILATION_MODE = wholemodule;
				SWIFT_OPTIMIZATION_LEVEL = "-O";
				VALIDATE_PRODUCT = YES;
			};
			name = Release;
		};
		C96754E6267A5FC7003A016A /* Debug */ = {
			isa = XCBuildConfiguration;
			buildSettings = {
				ASSETCATALOG_COMPILER_APPICON_NAME = AppIcon;
				ASSETCATALOG_COMPILER_GLOBAL_ACCENT_COLOR_NAME = AccentColor;
				CODE_SIGN_STYLE = Automatic;
				DEVELOPMENT_TEAM = 6A3GWQ7FD5;
				INFOPLIST_FILE = Latime/SupportingFiles/Info.plist;
				LD_RUNPATH_SEARCH_PATHS = (
					"$(inherited)",
					"@executable_path/Frameworks",
				);
				PRODUCT_BUNDLE_IDENTIFIER = Niunin.Latime;
				PRODUCT_NAME = "$(TARGET_NAME)";
				SWIFT_VERSION = 5.0;
				TARGETED_DEVICE_FAMILY = 1;
			};
			name = Debug;
		};
		C96754E7267A5FC7003A016A /* Release */ = {
			isa = XCBuildConfiguration;
			buildSettings = {
				ASSETCATALOG_COMPILER_APPICON_NAME = AppIcon;
				ASSETCATALOG_COMPILER_GLOBAL_ACCENT_COLOR_NAME = AccentColor;
				CODE_SIGN_STYLE = Automatic;
				DEVELOPMENT_TEAM = 6A3GWQ7FD5;
				INFOPLIST_FILE = Latime/SupportingFiles/Info.plist;
				LD_RUNPATH_SEARCH_PATHS = (
					"$(inherited)",
					"@executable_path/Frameworks",
				);
				PRODUCT_BUNDLE_IDENTIFIER = Niunin.Latime;
				PRODUCT_NAME = "$(TARGET_NAME)";
				SWIFT_VERSION = 5.0;
				TARGETED_DEVICE_FAMILY = 1;
			};
			name = Release;
		};
		C96754E9267A5FC7003A016A /* Debug */ = {
			isa = XCBuildConfiguration;
			buildSettings = {
				ALWAYS_EMBED_SWIFT_STANDARD_LIBRARIES = YES;
				BUNDLE_LOADER = "$(TEST_HOST)";
				CODE_SIGN_STYLE = Automatic;
				DEVELOPMENT_TEAM = 6A3GWQ7FD5;
				INFOPLIST_FILE = LatimeTests/Info.plist;
				IPHONEOS_DEPLOYMENT_TARGET = 14.5;
				LD_RUNPATH_SEARCH_PATHS = (
					"$(inherited)",
					"@executable_path/Frameworks",
					"@loader_path/Frameworks",
				);
				PRODUCT_BUNDLE_IDENTIFIER = Niunin.LatimeTests;
				PRODUCT_NAME = "$(TARGET_NAME)";
				SWIFT_VERSION = 5.0;
				TARGETED_DEVICE_FAMILY = "1,2";
				TEST_HOST = "$(BUILT_PRODUCTS_DIR)/Latime.app/Latime";
			};
			name = Debug;
		};
		C96754EA267A5FC7003A016A /* Release */ = {
			isa = XCBuildConfiguration;
			buildSettings = {
				ALWAYS_EMBED_SWIFT_STANDARD_LIBRARIES = YES;
				BUNDLE_LOADER = "$(TEST_HOST)";
				CODE_SIGN_STYLE = Automatic;
				DEVELOPMENT_TEAM = 6A3GWQ7FD5;
				INFOPLIST_FILE = LatimeTests/Info.plist;
				IPHONEOS_DEPLOYMENT_TARGET = 14.5;
				LD_RUNPATH_SEARCH_PATHS = (
					"$(inherited)",
					"@executable_path/Frameworks",
					"@loader_path/Frameworks",
				);
				PRODUCT_BUNDLE_IDENTIFIER = Niunin.LatimeTests;
				PRODUCT_NAME = "$(TARGET_NAME)";
				SWIFT_VERSION = 5.0;
				TARGETED_DEVICE_FAMILY = "1,2";
				TEST_HOST = "$(BUILT_PRODUCTS_DIR)/Latime.app/Latime";
			};
			name = Release;
		};
/* End XCBuildConfiguration section */

/* Begin XCConfigurationList section */
		C96754B3267A5FC1003A016A /* Build configuration list for PBXProject "Latime" */ = {
			isa = XCConfigurationList;
			buildConfigurations = (
				C96754E3267A5FC7003A016A /* Debug */,
				C96754E4267A5FC7003A016A /* Release */,
			);
			defaultConfigurationIsVisible = 0;
			defaultConfigurationName = Release;
		};
		C96754E5267A5FC7003A016A /* Build configuration list for PBXNativeTarget "Latime" */ = {
			isa = XCConfigurationList;
			buildConfigurations = (
				C96754E6267A5FC7003A016A /* Debug */,
				C96754E7267A5FC7003A016A /* Release */,
			);
			defaultConfigurationIsVisible = 0;
			defaultConfigurationName = Release;
		};
		C96754E8267A5FC7003A016A /* Build configuration list for PBXNativeTarget "LatimeTests" */ = {
			isa = XCConfigurationList;
			buildConfigurations = (
				C96754E9267A5FC7003A016A /* Debug */,
				C96754EA267A5FC7003A016A /* Release */,
			);
			defaultConfigurationIsVisible = 0;
			defaultConfigurationName = Release;
		};
/* End XCConfigurationList section */

/* Begin XCVersionGroup section */
		C96754C4267A5FC2003A016A /* Latime.xcdatamodeld */ = {
			isa = XCVersionGroup;
			children = (
				C96754C5267A5FC2003A016A /* Latime.xcdatamodel */,
			);
			currentVersion = C96754C5267A5FC2003A016A /* Latime.xcdatamodel */;
			path = Latime.xcdatamodeld;
			sourceTree = "<group>";
			versionGroupType = wrapper.xcdatamodel;
		};
/* End XCVersionGroup section */
	};
	rootObject = C96754B0267A5FC1003A016A /* Project object */;
}
